
Microsoft Visual Studio Solution File, Format Version 12.00
# Visual Studio Version 16
VisualStudioVersion = 16.0.29123.88
MinimumVisualStudioVersion = 10.0.40219.1
Project("{8BC9CEB8-8B4A-11D0-8D11-00A0C91BC942}") = "3.8-62 A demo of enumerated constants", "3.8-62 A demo of enumerated constants\3.8-62 A demo of enumerated constants.vcxproj", "{BDD596EA-1F7A-43DC-A2F2-262EE623CEC9}"
EndProject
Global
	GlobalSection(SolutionConfigurationPlatforms) = preSolution
		Debug|x64 = Debug|x64
		Debug|x86 = Debug|x86
		Release|x64 = Release|x64
		Release|x86 = Release|x86
	EndGlobalSection
	GlobalSection(ProjectConfigurationPlatforms) = postSolution
		{BDD596EA-1F7A-43DC-A2F2-262EE623CEC9}.Debug|x64.ActiveCfg = Debug|x64
		{BDD596EA-1F7A-43DC-A2F2-262EE623CEC9}.Debug|x64.Build.0 = Debug|x64
		{BDD596EA-1F7A-43DC-A2F2-262EE623CEC9}.Debug|x86.ActiveCfg = Debug|Win32
		{BDD596EA-1F7A-43DC-A2F2-262EE623CEC9}.Debug|x86.Build.0 = Debug|Win32
		{BDD596EA-1F7A-43DC-A2F2-262EE623CEC9}.Release|x64.ActiveCfg = Release|x64
		{BDD596EA-1F7A-43DC-A2F2-262EE623CEC9}.Release|x64.Build.0 = Release|x64
		{BDD596EA-1F7A-43DC-A2F2-262EE623CEC9}.Release|x86.ActiveCfg = Release|Win32
		{BDD596EA-1F7A-43DC-A2F2-262EE623CEC9}.Release|x86.Build.0 = Release|Win32
	EndGlobalSection
	GlobalSection(SolutionProperties) = preSolution
		HideSolutionNode = FALSE
	EndGlobalSection
	GlobalSection(ExtensibilityGlobals) = postSolution
		SolutionGuid = {694BEB09-A489-41CF-9E85-445ED25ECB12}
	EndGlobalSection
EndGlobal
