
Microsoft Visual Studio Solution File, Format Version 12.00
# Visual Studio Version 16
VisualStudioVersion = 16.0.29123.88
MinimumVisualStudioVersion = 10.0.40219.1
Project("{8BC9CEB8-8B4A-11D0-8D11-00A0C91BC942}") = "4.3-76 A demo of prefix and postfix operators", "4.3-76 A demo of prefix and postfix operators\4.3-76 A demo of prefix and postfix operators.vcxproj", "{BF4312A5-A368-4640-9F3F-549795AB37B1}"
EndProject
Global
	GlobalSection(SolutionConfigurationPlatforms) = preSolution
		Debug|x64 = Debug|x64
		Debug|x86 = Debug|x86
		Release|x64 = Release|x64
		Release|x86 = Release|x86
	EndGlobalSection
	GlobalSection(ProjectConfigurationPlatforms) = postSolution
		{BF4312A5-A368-4640-9F3F-549795AB37B1}.Debug|x64.ActiveCfg = Debug|x64
		{BF4312A5-A368-4640-9F3F-549795AB37B1}.Debug|x64.Build.0 = Debug|x64
		{BF4312A5-A368-4640-9F3F-549795AB37B1}.Debug|x86.ActiveCfg = Debug|Win32
		{BF4312A5-A368-4640-9F3F-549795AB37B1}.Debug|x86.Build.0 = Debug|Win32
		{BF4312A5-A368-4640-9F3F-549795AB37B1}.Release|x64.ActiveCfg = Release|x64
		{BF4312A5-A368-4640-9F3F-549795AB37B1}.Release|x64.Build.0 = Release|x64
		{BF4312A5-A368-4640-9F3F-549795AB37B1}.Release|x86.ActiveCfg = Release|Win32
		{BF4312A5-A368-4640-9F3F-549795AB37B1}.Release|x86.Build.0 = Release|Win32
	EndGlobalSection
	GlobalSection(SolutionProperties) = preSolution
		HideSolutionNode = FALSE
	EndGlobalSection
	GlobalSection(ExtensibilityGlobals) = postSolution
		SolutionGuid = {3A47DF93-2349-4589-A01D-5EDD448D8C85}
	EndGlobalSection
EndGlobal
