
Microsoft Visual Studio Solution File, Format Version 12.00
# Visual Studio Version 16
VisualStudioVersion = 16.0.29123.88
MinimumVisualStudioVersion = 10.0.40219.1
Project("{8BC9CEB8-8B4A-11D0-8D11-00A0C91BC942}") = "4.1-70", "4.1-70\4.1-70.vcxproj", "{75E80B13-C038-49BA-B475-E96F18F6D8AE}"
EndProject
Global
	GlobalSection(SolutionConfigurationPlatforms) = preSolution
		Debug|x64 = Debug|x64
		Debug|x86 = Debug|x86
		Release|x64 = Release|x64
		Release|x86 = Release|x86
	EndGlobalSection
	GlobalSection(ProjectConfigurationPlatforms) = postSolution
		{75E80B13-C038-49BA-B475-E96F18F6D8AE}.Debug|x64.ActiveCfg = Debug|x64
		{75E80B13-C038-49BA-B475-E96F18F6D8AE}.Debug|x64.Build.0 = Debug|x64
		{75E80B13-C038-49BA-B475-E96F18F6D8AE}.Debug|x86.ActiveCfg = Debug|Win32
		{75E80B13-C038-49BA-B475-E96F18F6D8AE}.Debug|x86.Build.0 = Debug|Win32
		{75E80B13-C038-49BA-B475-E96F18F6D8AE}.Release|x64.ActiveCfg = Release|x64
		{75E80B13-C038-49BA-B475-E96F18F6D8AE}.Release|x64.Build.0 = Release|x64
		{75E80B13-C038-49BA-B475-E96F18F6D8AE}.Release|x86.ActiveCfg = Release|Win32
		{75E80B13-C038-49BA-B475-E96F18F6D8AE}.Release|x86.Build.0 = Release|Win32
	EndGlobalSection
	GlobalSection(SolutionProperties) = preSolution
		HideSolutionNode = FALSE
	EndGlobalSection
	GlobalSection(ExtensibilityGlobals) = postSolution
		SolutionGuid = {44B436D9-8950-4AF7-9F88-BE49937C1508}
	EndGlobalSection
EndGlobal
